# THIS IS AN AUTOGENERATED FILE. DO NOT EDIT THIS FILE DIRECTLY.
# yarn lockfile v1


"@babel/runtime@^7.4.4":
  version "7.5.5"
  resolved "https://registry.yarnpkg.com/@babel/runtime/-/runtime-7.5.5.tgz#74fba56d35efbeca444091c7850ccd494fd2f132"
  integrity sha512-28QvEGyQyNkB0/m2B4FU7IEZGK2NUrcMtT6BZEFALTguLk+AUT6ofsHtPk5QyjAdUkpMJ+/Em+quwz4HOt30AQ==
  dependencies:
    regenerator-runtime "^0.13.2"

"@dependency/classMixin@https://github.com/AppScriptIO/classMixin#semver:^1.x.x":
  version "1.0.0"
  resolved "https://github.com/AppScriptIO/classMixin#1cce4f6421f52054d9464b103710a6f551ef80e6"
  dependencies:
    mixwith "*"

"@dependency/commonPattern@https://github.com/AppScriptIO/commonPattern#semver:^1.x.x":
  version "1.0.0"
  resolved "https://github.com/AppScriptIO/commonPattern#1dc3019d76b09ddfa8c1a031452f5675e098b04e"
  dependencies:
    promise-events "^0.1.4"

"@dependency/databaseUtility@https://github.com/AppScriptIO/databaseUtility#semver:^1.x.x":
  version "1.0.1"
  resolved "https://github.com/AppScriptIO/databaseUtility#c9fd0f04f7da2f195a3c0d97be8cdd1deebfea14"
  dependencies:
    "@dependency/namedCurry" "https://github.com/AppScriptIO/namedCurry#semver:^1.x.x"

"@dependency/entity@https://github.com/AppScriptIO/entity#semver:^1.x.x":
  version "1.0.7"
  resolved "https://github.com/AppScriptIO/entity#f0c645913c981735da05e2774df6c7be35c41acf"
  dependencies:
    "@dependency/multiplePrototypeDelegation" "https://github.com/AppScriptIO/multiplePrototypeDelegation#semver:^1.x.x"
    lodash "^4.17.11"

"@dependency/graphTraversal@https://github.com/AppScriptIO/graphTraversal#semver:^1.x.x":
  version "1.2.6"
  resolved "https://github.com/AppScriptIO/graphTraversal#60b22c8078c2bd514865b55c8f7220ad9a28ee81"
  dependencies:
    "@dependency/classMixin" "https://github.com/AppScriptIO/classMixin#semver:^1.x.x"
    "@dependency/commonPattern" "https://github.com/AppScriptIO/commonPattern#semver:^1.x.x"
    "@dependency/databaseUtility" "https://github.com/AppScriptIO/databaseUtility#semver:^1.x.x"
    "@dependency/entity" "https://github.com/AppScriptIO/entity#semver:^1.x.x"
    "@dependency/moduleContext" "https://github.com/AppScriptIO/moduleContext#semver:^1.x.x"
    "@dependency/multiplePrototypeDelegation" "https://github.com/AppScriptIO/multiplePrototypeDelegation#semver:^1.x.x"
    "@dependency/promiseProperRace" "https://github.com/AppScriptIO/promiseProperRace#semver:^1.x.x"
    "@dependency/prototypeChainDebug" "https://github.com/AppScriptIO/prototypeChainDebug#semver:^1.x.x"
    neo4j-driver "^1.7.5"
    redisgraph.js "^1.1.4"
    rethinkdb "*"
    uuid "^3.3.2"

"@dependency/moduleContext@https://github.com/AppScriptIO/moduleContext#semver:^1.x.x":
  version "1.0.1"
  resolved "https://github.com/AppScriptIO/moduleContext#5e734a4f4638011dca9dde27ac29e0c6e4f2d432"

"@dependency/multiplePrototypeDelegation@https://github.com/AppScriptIO/multiplePrototypeDelegation#semver:^1.x.x":
  version "1.0.8"
  resolved "https://github.com/AppScriptIO/multiplePrototypeDelegation#509d5043b8abee1db6e07d92ddcfa6d079f0a695"

"@dependency/namedCurry@https://github.com/AppScriptIO/namedCurry#semver:^1.x.x":
  version "1.0.1"
  resolved "https://github.com/AppScriptIO/namedCurry#f0c22dccaa1a20751b5330db48b6699f5a949f37"

"@dependency/promiseProperRace@https://github.com/AppScriptIO/promiseProperRace#semver:^1.x.x":
  version "1.0.1"
  resolved "https://github.com/AppScriptIO/promiseProperRace#cdd4f335ea5d5ab63538d43f61c71624940429d2"

"@dependency/prototypeChainDebug@https://github.com/AppScriptIO/prototypeChainDebug#semver:^1.x.x":
  version "1.0.1"
  resolved "https://github.com/AppScriptIO/prototypeChainDebug#312d229b2512ea2ad3a16eadeddd40e62c6defd3"

"bluebird@>= 2.3.2 < 3":
  version "2.11.0"
  resolved "https://registry.yarnpkg.com/bluebird/-/bluebird-2.11.0.tgz#534b9033c022c9579c56ba3b3e5a5caafbb650e1"
  integrity sha1-U0uQM8AiyVecVro7Plpcqvu2UOE=

double-ended-queue@^2.1.0-0:
  version "2.1.0-0"
  resolved "https://registry.yarnpkg.com/double-ended-queue/-/double-ended-queue-2.1.0-0.tgz#103d3527fd31528f40188130c841efdd78264e5c"
  integrity sha1-ED01J/0xUo9AGIEwyEHv3XgmTlw=

lodash@^4.17.11:
  version "4.17.15"
  resolved "https://registry.yarnpkg.com/lodash/-/lodash-4.17.15.tgz#b447f6670a0455bbfeedd11392eff330ea097548"
  integrity sha512-8xOcRHvCjnocdS5cpwXQXVzmmh5e5+saE2QGoeQmbKmRS6J3VQppPOIt0MnmE+4xlZoumy0GPG0D0MVIQbNA1A==

mixwith@*:
  version "0.1.1"
  resolved "https://registry.yarnpkg.com/mixwith/-/mixwith-0.1.1.tgz#c8995918c5b61fbfda9ad377a857cd47750541c0"
  integrity sha1-yJlZGMW2H7/amtN3qFfNR3UFQcA=

neo4j-driver@^1.7.5:
  version "1.7.5"
  resolved "https://registry.yarnpkg.com/neo4j-driver/-/neo4j-driver-1.7.5.tgz#c3fe3677f69c12f26944563d45e7e7d818a685e4"
  integrity sha512-xCD2F5+tp/SD9r5avX5bSoY8u8RH2o793xJ9Ikjz1s5qQy7cFxFbbj2c52uz3BVGhRAx/NmB57VjOquYmmxGtw==
  dependencies:
    "@babel/runtime" "^7.4.4"
    text-encoding-utf-8 "^1.0.2"
    uri-js "^4.2.2"

promise-events@^0.1.4:
  version "0.1.4"
  resolved "https://registry.yarnpkg.com/promise-events/-/promise-events-0.1.4.tgz#3c88fae97e448da68f7fcf19d4ee308d6e432d5b"
  integrity sha1-PIj66X5EjaaPf88Z1O4wjW5DLVs=

punycode@^2.1.0:
  version "2.1.1"
  resolved "https://registry.yarnpkg.com/punycode/-/punycode-2.1.1.tgz#b58b010ac40c22c5657616c8d2c2c02c7bf479ec"
  integrity sha512-XRsRjdf+j5ml+y/6GKHPZbrF/8p2Yga0JPtdqTIY2Xe5ohJPD9saDJJLPvp9+NSBprVvevdXZybnj2cv8OEd0A==

redis-commands@^1.2.0:
  version "1.5.0"
  resolved "https://registry.yarnpkg.com/redis-commands/-/redis-commands-1.5.0.tgz#80d2e20698fe688f227127ff9e5164a7dd17e785"
  integrity sha512-6KxamqpZ468MeQC3bkWmCB1fp56XL64D4Kf0zJSwDZbVLLm7KFkoIcHrgRvQ+sk8dnhySs7+yBg94yIkAK7aJg==

redis-parser@^2.6.0:
  version "2.6.0"
  resolved "https://registry.yarnpkg.com/redis-parser/-/redis-parser-2.6.0.tgz#52ed09dacac108f1a631c07e9b69941e7a19504b"
  integrity sha1-Uu0J2srBCPGmMcB+m2mUHnoZUEs=

redis@^2.8.0:
  version "2.8.0"
  resolved "https://registry.yarnpkg.com/redis/-/redis-2.8.0.tgz#202288e3f58c49f6079d97af7a10e1303ae14b02"
  integrity sha512-M1OkonEQwtRmZv4tEWF2VgpG0JWJ8Fv1PhlgT5+B+uNq2cA3Rt1Yt/ryoR+vQNOQcIEgdCdfH0jr3bDpihAw1A==
  dependencies:
    double-ended-queue "^2.1.0-0"
    redis-commands "^1.2.0"
    redis-parser "^2.6.0"

redisgraph.js@^1.1.4:
  version "1.1.4"
  resolved "https://registry.yarnpkg.com/redisgraph.js/-/redisgraph.js-1.1.4.tgz#9a3f9efbd2425670f1a67386ffd3ba764713fc13"
  integrity sha512-453qLidv3gRu99Imw491S20zMs759CJx1TTn/aIplfu3SdZdvwHIERgBVpRz5moZ+nxnWDjvlZJ/kgZpEvziTg==
  dependencies:
    redis "^2.8.0"

regenerator-runtime@^0.13.2:
  version "0.13.3"
  resolved "https://registry.yarnpkg.com/regenerator-runtime/-/regenerator-runtime-0.13.3.tgz#7cf6a77d8f5c6f60eb73c5fc1955b2ceb01e6bf5"
  integrity sha512-naKIZz2GQ8JWh///G7L3X6LaQUAMp2lvb1rvwwsURe/VXwD6VMfr+/1NuNw3ag8v2kY1aQ/go5SNn79O9JU7yw==

rethinkdb@*:
  version "2.3.3"
  resolved "https://registry.yarnpkg.com/rethinkdb/-/rethinkdb-2.3.3.tgz#3dc6586e22fa1dabee0d254e64bd0e379fad2f72"
  integrity sha1-PcZYbiL6HavuDSVOZL0ON5+tL3I=
  dependencies:
    bluebird ">= 2.3.2 < 3"

text-encoding-utf-8@^1.0.2:
  version "1.0.2"
  resolved "https://registry.yarnpkg.com/text-encoding-utf-8/-/text-encoding-utf-8-1.0.2.tgz#585b62197b0ae437e3c7b5d0af27ac1021e10d13"
  integrity sha512-8bw4MY9WjdsD2aMtO0OzOCY3pXGYNx2d2FfHRVUKkiCPDWjKuOlhLVASS+pD7VkLTVjW268LYJHwsnPFlBpbAg==

uri-js@^4.2.2:
  version "4.2.2"
  resolved "https://registry.yarnpkg.com/uri-js/-/uri-js-4.2.2.tgz#94c540e1ff772956e2299507c010aea6c8838eb0"
  integrity sha512-KY9Frmirql91X2Qgjry0Wd4Y+YTdrdZheS8TFwvkbLWf/G5KNJDCh6pKL5OZctEW4+0Baa5idK2ZQuELRwPznQ==
  dependencies:
    punycode "^2.1.0"

uuid@^3.3.2:
  version "3.3.2"
  resolved "https://registry.yarnpkg.com/uuid/-/uuid-3.3.2.tgz#1b4af4955eb3077c501c23872fc6513811587131"
  integrity sha512-yXJmeNaw3DnnKAOKJE51sL/ZaYfWJRl1pK9dr19YFCu0ObS231AB1/LbqTKRAQ5kw8A90rA6fr4riOUpTZvQZA==
